
Microsoft Visual Studio Solution File, Format Version 12.00
# Visual Studio Version 16
VisualStudioVersion = 16.0.33130.400
MinimumVisualStudioVersion = 10.0.40219.1
Project("{FAE04EC0-301F-11D3-BF4B-00C04F79EFBC}") = "Zadanie1", "Zadanie1.csproj", "{0B547E0E-4457-4ADF-84BF-B7FA087CD37A}"
EndProject
Global
	GlobalSection(SolutionConfigurationPlatforms) = preSolution
		Debug|Any CPU = Debug|Any CPU
		Release|Any CPU = Release|Any CPU
	EndGlobalSection
	GlobalSection(ProjectConfigurationPlatforms) = postSolution
		{0B547E0E-4457-4ADF-84BF-B7FA087CD37A}.Debug|Any CPU.ActiveCfg = Debug|Any CPU
		{0B547E0E-4457-4ADF-84BF-B7FA087CD37A}.Debug|Any CPU.Build.0 = Debug|Any CPU
		{0B547E0E-4457-4ADF-84BF-B7FA087CD37A}.Release|Any CPU.ActiveCfg = Release|Any CPU
		{0B547E0E-4457-4ADF-84BF-B7FA087CD37A}.Release|Any CPU.Build.0 = Release|Any CPU
	EndGlobalSection
	GlobalSection(SolutionProperties) = preSolution
		HideSolutionNode = FALSE
	EndGlobalSection
	GlobalSection(ExtensibilityGlobals) = postSolution
		SolutionGuid = {18068DC0-5D5E-4504-8F90-1770E836F771}
	EndGlobalSection
EndGlobal
